
Microsoft Visual Studio Solution File, Format Version 12.00
# Visual Studio Version 17
VisualStudioVersion = 17.5.002.0
MinimumVisualStudioVersion = 10.0.40219.1
Project("{2150E333-8FDC-42A3-9474-1A3956D46DE8}") = "csharp-prep", "csharp-prep", "{5CE95D31-BED9-4711-B122-CDB61C34FC83}"
EndProject
Project("{9A19103F-16F7-4668-BE54-9A1E7A4F7556}") = "Prep1", "csharp-prep\Prep1\Prep1.csproj", "{49375437-9850-4F78-818D-9B50D3587E42}"
EndProject
Project("{9A19103F-16F7-4668-BE54-9A1E7A4F7556}") = "Prep2", "csharp-prep\Prep2\Prep2.csproj", "{F5B495C0-7034-483A-BDE0-CA824946B0A5}"
EndProject
Project("{9A19103F-16F7-4668-BE54-9A1E7A4F7556}") = "Prep3", "csharp-prep\Prep3\Prep3.csproj", "{BCF67753-BEE0-40C5-B69A-9D18570051BC}"
EndProject
Project("{9A19103F-16F7-4668-BE54-9A1E7A4F7556}") = "Prep4", "csharp-prep\Prep4\Prep4.csproj", "{A1D73229-FD44-4B57-A81C-F1DEB0596A93}"
EndProject
Project("{9A19103F-16F7-4668-BE54-9A1E7A4F7556}") = "Prep5", "csharp-prep\Prep5\Prep5.csproj", "{04D4A5F5-3781-4697-976D-43B8E7F7AACC}"
EndProject
Project("{2150E333-8FDC-42A3-9474-1A3956D46DE8}") = "final", "final", "{700C571A-8988-40E4-B751-66299F111321}"
EndProject
Project("{9A19103F-16F7-4668-BE54-9A1E7A4F7556}") = "FinalProject", "final\FinalProject\FinalProject.csproj", "{1B918D1B-91CE-47F5-A206-9E5B4B007EFE}"
EndProject
Project("{9A19103F-16F7-4668-BE54-9A1E7A4F7556}") = "Foundation1", "final\Foundation1\Foundation1.csproj", "{87A4355A-A936-4875-95F6-5030E6FBF9C6}"
EndProject
Project("{9A19103F-16F7-4668-BE54-9A1E7A4F7556}") = "Foundation2", "final\Foundation2\Foundation2.csproj", "{27BB8F37-282B-4651-B5B4-65487F349466}"
EndProject
Project("{9A19103F-16F7-4668-BE54-9A1E7A4F7556}") = "Foundation3", "final\Foundation3\Foundation3.csproj", "{AAB4D632-E495-46DF-8EBF-DC11416D4C1C}"
EndProject
Project("{9A19103F-16F7-4668-BE54-9A1E7A4F7556}") = "Foundation4", "final\Foundation4\Foundation4.csproj", "{F9861183-BB0A-4CCE-B0B1-244DF38724D4}"
EndProject
Project("{2150E333-8FDC-42A3-9474-1A3956D46DE8}") = "prepare", "prepare", "{6AE0DCFD-C81E-4A7C-9A1A-C309AD07B98F}"
EndProject
Project("{9A19103F-16F7-4668-BE54-9A1E7A4F7556}") = "Learning02", "prepare\Learning02\Learning02.csproj", "{07A62DD9-8140-438A-9763-D3F1B972A4A9}"
EndProject
Project("{9A19103F-16F7-4668-BE54-9A1E7A4F7556}") = "Learning03", "prepare\Learning03\Learning03.csproj", "{1EAE59CA-834A-4F41-BC7A-6BA0D717CCCB}"
EndProject
Project("{9A19103F-16F7-4668-BE54-9A1E7A4F7556}") = "Learning04", "prepare\Learning04\Learning04.csproj", "{83526A59-4754-4F1D-ABD3-53F637BE687A}"
EndProject
Project("{9A19103F-16F7-4668-BE54-9A1E7A4F7556}") = "Learning05", "prepare\Learning05\Learning05.csproj", "{C3CAEA54-FDB5-400B-BDBE-D91FF562D412}"
EndProject
Project("{2150E333-8FDC-42A3-9474-1A3956D46DE8}") = "prove", "prove", "{852011A5-C8CD-40B6-8895-E654C074D5B6}"
EndProject
Project("{9A19103F-16F7-4668-BE54-9A1E7A4F7556}") = "Develop02", "prove\Develop02\Develop02.csproj", "{C2A2E14A-BDDF-4E40-8E4F-78C1BC4AE60D}"
EndProject
Project("{9A19103F-16F7-4668-BE54-9A1E7A4F7556}") = "Develop03", "prove\Develop03\Develop03.csproj", "{82062B65-725C-49F9-A5E7-C77844824232}"
EndProject
Project("{9A19103F-16F7-4668-BE54-9A1E7A4F7556}") = "Develop04", "prove\Develop04\Develop04.csproj", "{F65346A6-3D16-41FE-9DF2-6D37E3414DB6}"
EndProject
Project("{9A19103F-16F7-4668-BE54-9A1E7A4F7556}") = "Develop05", "prove\Develop05\Develop05.csproj", "{E3BE4B2D-CE1D-410C-B6A3-EBBEF52AEA4A}"
EndProject
Project("{2150E333-8FDC-42A3-9474-1A3956D46DE8}") = "sandbox", "sandbox", "{182B116B-AD36-4602-B0CB-CEC149E79581}"
EndProject
Project("{9A19103F-16F7-4668-BE54-9A1E7A4F7556}") = "Sandbox", "sandbox\Sandbox\Sandbox.csproj", "{9678BB63-30FD-4750-8FD3-86143E3ECE8D}"
EndProject
Global
	GlobalSection(SolutionConfigurationPlatforms) = preSolution
		Debug|Any CPU = Debug|Any CPU
		Release|Any CPU = Release|Any CPU
	EndGlobalSection
	GlobalSection(ProjectConfigurationPlatforms) = postSolution
		{49375437-9850-4F78-818D-9B50D3587E42}.Debug|Any CPU.ActiveCfg = Debug|Any CPU
		{49375437-9850-4F78-818D-9B50D3587E42}.Debug|Any CPU.Build.0 = Debug|Any CPU
		{49375437-9850-4F78-818D-9B50D3587E42}.Release|Any CPU.ActiveCfg = Release|Any CPU
		{49375437-9850-4F78-818D-9B50D3587E42}.Release|Any CPU.Build.0 = Release|Any CPU
		{F5B495C0-7034-483A-BDE0-CA824946B0A5}.Debug|Any CPU.ActiveCfg = Debug|Any CPU
		{F5B495C0-7034-483A-BDE0-CA824946B0A5}.Debug|Any CPU.Build.0 = Debug|Any CPU
		{F5B495C0-7034-483A-BDE0-CA824946B0A5}.Release|Any CPU.ActiveCfg = Release|Any CPU
		{F5B495C0-7034-483A-BDE0-CA824946B0A5}.Release|Any CPU.Build.0 = Release|Any CPU
		{BCF67753-BEE0-40C5-B69A-9D18570051BC}.Debug|Any CPU.ActiveCfg = Debug|Any CPU
		{BCF67753-BEE0-40C5-B69A-9D18570051BC}.Debug|Any CPU.Build.0 = Debug|Any CPU
		{BCF67753-BEE0-40C5-B69A-9D18570051BC}.Release|Any CPU.ActiveCfg = Release|Any CPU
		{BCF67753-BEE0-40C5-B69A-9D18570051BC}.Release|Any CPU.Build.0 = Release|Any CPU
		{A1D73229-FD44-4B57-A81C-F1DEB0596A93}.Debug|Any CPU.ActiveCfg = Debug|Any CPU
		{A1D73229-FD44-4B57-A81C-F1DEB0596A93}.Debug|Any CPU.Build.0 = Debug|Any CPU
		{A1D73229-FD44-4B57-A81C-F1DEB0596A93}.Release|Any CPU.ActiveCfg = Release|Any CPU
		{A1D73229-FD44-4B57-A81C-F1DEB0596A93}.Release|Any CPU.Build.0 = Release|Any CPU
		{04D4A5F5-3781-4697-976D-43B8E7F7AACC}.Debug|Any CPU.ActiveCfg = Debug|Any CPU
		{04D4A5F5-3781-4697-976D-43B8E7F7AACC}.Debug|Any CPU.Build.0 = Debug|Any CPU
		{04D4A5F5-3781-4697-976D-43B8E7F7AACC}.Release|Any CPU.ActiveCfg = Release|Any CPU
		{04D4A5F5-3781-4697-976D-43B8E7F7AACC}.Release|Any CPU.Build.0 = Release|Any CPU
		{1B918D1B-91CE-47F5-A206-9E5B4B007EFE}.Debug|Any CPU.ActiveCfg = Debug|Any CPU
		{1B918D1B-91CE-47F5-A206-9E5B4B007EFE}.Debug|Any CPU.Build.0 = Debug|Any CPU
		{1B918D1B-91CE-47F5-A206-9E5B4B007EFE}.Release|Any CPU.ActiveCfg = Release|Any CPU
		{1B918D1B-91CE-47F5-A206-9E5B4B007EFE}.Release|Any CPU.Build.0 = Release|Any CPU
		{87A4355A-A936-4875-95F6-5030E6FBF9C6}.Debug|Any CPU.ActiveCfg = Debug|Any CPU
		{87A4355A-A936-4875-95F6-5030E6FBF9C6}.Debug|Any CPU.Build.0 = Debug|Any CPU
		{87A4355A-A936-4875-95F6-5030E6FBF9C6}.Release|Any CPU.ActiveCfg = Release|Any CPU
		{87A4355A-A936-4875-95F6-5030E6FBF9C6}.Release|Any CPU.Build.0 = Release|Any CPU
		{27BB8F37-282B-4651-B5B4-65487F349466}.Debug|Any CPU.ActiveCfg = Debug|Any CPU
		{27BB8F37-282B-4651-B5B4-65487F349466}.Debug|Any CPU.Build.0 = Debug|Any CPU
		{27BB8F37-282B-4651-B5B4-65487F349466}.Release|Any CPU.ActiveCfg = Release|Any CPU
		{27BB8F37-282B-4651-B5B4-65487F349466}.Release|Any CPU.Build.0 = Release|Any CPU
		{AAB4D632-E495-46DF-8EBF-DC11416D4C1C}.Debug|Any CPU.ActiveCfg = Debug|Any CPU
		{AAB4D632-E495-46DF-8EBF-DC11416D4C1C}.Debug|Any CPU.Build.0 = Debug|Any CPU
		{AAB4D632-E495-46DF-8EBF-DC11416D4C1C}.Release|Any CPU.ActiveCfg = Release|Any CPU
		{AAB4D632-E495-46DF-8EBF-DC11416D4C1C}.Release|Any CPU.Build.0 = Release|Any CPU
		{F9861183-BB0A-4CCE-B0B1-244DF38724D4}.Debug|Any CPU.ActiveCfg = Debug|Any CPU
		{F9861183-BB0A-4CCE-B0B1-244DF38724D4}.Debug|Any CPU.Build.0 = Debug|Any CPU
		{F9861183-BB0A-4CCE-B0B1-244DF38724D4}.Release|Any CPU.ActiveCfg = Release|Any CPU
		{F9861183-BB0A-4CCE-B0B1-244DF38724D4}.Release|Any CPU.Build.0 = Release|Any CPU
		{07A62DD9-8140-438A-9763-D3F1B972A4A9}.Debug|Any CPU.ActiveCfg = Debug|Any CPU
		{07A62DD9-8140-438A-9763-D3F1B972A4A9}.Debug|Any CPU.Build.0 = Debug|Any CPU
		{07A62DD9-8140-438A-9763-D3F1B972A4A9}.Release|Any CPU.ActiveCfg = Release|Any CPU
		{07A62DD9-8140-438A-9763-D3F1B972A4A9}.Release|Any CPU.Build.0 = Release|Any CPU
		{1EAE59CA-834A-4F41-BC7A-6BA0D717CCCB}.Debug|Any CPU.ActiveCfg = Debug|Any CPU
		{1EAE59CA-834A-4F41-BC7A-6BA0D717CCCB}.Debug|Any CPU.Build.0 = Debug|Any CPU
		{1EAE59CA-834A-4F41-BC7A-6BA0D717CCCB}.Release|Any CPU.ActiveCfg = Release|Any CPU
		{1EAE59CA-834A-4F41-BC7A-6BA0D717CCCB}.Release|Any CPU.Build.0 = Release|Any CPU
		{83526A59-4754-4F1D-ABD3-53F637BE687A}.Debug|Any CPU.ActiveCfg = Debug|Any CPU
		{83526A59-4754-4F1D-ABD3-53F637BE687A}.Debug|Any CPU.Build.0 = Debug|Any CPU
		{83526A59-4754-4F1D-ABD3-53F637BE687A}.Release|Any CPU.ActiveCfg = Release|Any CPU
		{83526A59-4754-4F1D-ABD3-53F637BE687A}.Release|Any CPU.Build.0 = Release|Any CPU
		{C3CAEA54-FDB5-400B-BDBE-D91FF562D412}.Debug|Any CPU.ActiveCfg = Debug|Any CPU
		{C3CAEA54-FDB5-400B-BDBE-D91FF562D412}.Debug|Any CPU.Build.0 = Debug|Any CPU
		{C3CAEA54-FDB5-400B-BDBE-D91FF562D412}.Release|Any CPU.ActiveCfg = Release|Any CPU
		{C3CAEA54-FDB5-400B-BDBE-D91FF562D412}.Release|Any CPU.Build.0 = Release|Any CPU
		{C2A2E14A-BDDF-4E40-8E4F-78C1BC4AE60D}.Debug|Any CPU.ActiveCfg = Debug|Any CPU
		{C2A2E14A-BDDF-4E40-8E4F-78C1BC4AE60D}.Debug|Any CPU.Build.0 = Debug|Any CPU
		{C2A2E14A-BDDF-4E40-8E4F-78C1BC4AE60D}.Release|Any CPU.ActiveCfg = Release|Any CPU
		{C2A2E14A-BDDF-4E40-8E4F-78C1BC4AE60D}.Release|Any CPU.Build.0 = Release|Any CPU
		{82062B65-725C-49F9-A5E7-C77844824232}.Debug|Any CPU.ActiveCfg = Debug|Any CPU
		{82062B65-725C-49F9-A5E7-C77844824232}.Debug|Any CPU.Build.0 = Debug|Any CPU
		{82062B65-725C-49F9-A5E7-C77844824232}.Release|Any CPU.ActiveCfg = Release|Any CPU
		{82062B65-725C-49F9-A5E7-C77844824232}.Release|Any CPU.Build.0 = Release|Any CPU
		{F65346A6-3D16-41FE-9DF2-6D37E3414DB6}.Debug|Any CPU.ActiveCfg = Debug|Any CPU
		{F65346A6-3D16-41FE-9DF2-6D37E3414DB6}.Debug|Any CPU.Build.0 = Debug|Any CPU
		{F65346A6-3D16-41FE-9DF2-6D37E3414DB6}.Release|Any CPU.ActiveCfg = Release|Any CPU
		{F65346A6-3D16-41FE-9DF2-6D37E3414DB6}.Release|Any CPU.Build.0 = Release|Any CPU
		{E3BE4B2D-CE1D-410C-B6A3-EBBEF52AEA4A}.Debug|Any CPU.ActiveCfg = Debug|Any CPU
		{E3BE4B2D-CE1D-410C-B6A3-EBBEF52AEA4A}.Debug|Any CPU.Build.0 = Debug|Any CPU
		{E3BE4B2D-CE1D-410C-B6A3-EBBEF52AEA4A}.Release|Any CPU.ActiveCfg = Release|Any CPU
		{E3BE4B2D-CE1D-410C-B6A3-EBBEF52AEA4A}.Release|Any CPU.Build.0 = Release|Any CPU
		{9678BB63-30FD-4750-8FD3-86143E3ECE8D}.Debug|Any CPU.ActiveCfg = Debug|Any CPU
		{9678BB63-30FD-4750-8FD3-86143E3ECE8D}.Debug|Any CPU.Build.0 = Debug|Any CPU
		{9678BB63-30FD-4750-8FD3-86143E3ECE8D}.Release|Any CPU.ActiveCfg = Release|Any CPU
		{9678BB63-30FD-4750-8FD3-86143E3ECE8D}.Release|Any CPU.Build.0 = Release|Any CPU
	EndGlobalSection
	GlobalSection(SolutionProperties) = preSolution
		HideSolutionNode = FALSE
	EndGlobalSection
	GlobalSection(NestedProjects) = preSolution
		{49375437-9850-4F78-818D-9B50D3587E42} = {5CE95D31-BED9-4711-B122-CDB61C34FC83}
		{F5B495C0-7034-483A-BDE0-CA824946B0A5} = {5CE95D31-BED9-4711-B122-CDB61C34FC83}
		{BCF67753-BEE0-40C5-B69A-9D18570051BC} = {5CE95D31-BED9-4711-B122-CDB61C34FC83}
		{A1D73229-FD44-4B57-A81C-F1DEB0596A93} = {5CE95D31-BED9-4711-B122-CDB61C34FC83}
		{04D4A5F5-3781-4697-976D-43B8E7F7AACC} = {5CE95D31-BED9-4711-B122-CDB61C34FC83}
		{1B918D1B-91CE-47F5-A206-9E5B4B007EFE} = {700C571A-8988-40E4-B751-66299F111321}
		{87A4355A-A936-4875-95F6-5030E6FBF9C6} = {700C571A-8988-40E4-B751-66299F111321}
		{27BB8F37-282B-4651-B5B4-65487F349466} = {700C571A-8988-40E4-B751-66299F111321}
		{AAB4D632-E495-46DF-8EBF-DC11416D4C1C} = {700C571A-8988-40E4-B751-66299F111321}
		{F9861183-BB0A-4CCE-B0B1-244DF38724D4} = {700C571A-8988-40E4-B751-66299F111321}
		{07A62DD9-8140-438A-9763-D3F1B972A4A9} = {6AE0DCFD-C81E-4A7C-9A1A-C309AD07B98F}
		{1EAE59CA-834A-4F41-BC7A-6BA0D717CCCB} = {6AE0DCFD-C81E-4A7C-9A1A-C309AD07B98F}
		{83526A59-4754-4F1D-ABD3-53F637BE687A} = {6AE0DCFD-C81E-4A7C-9A1A-C309AD07B98F}
		{C3CAEA54-FDB5-400B-BDBE-D91FF562D412} = {6AE0DCFD-C81E-4A7C-9A1A-C309AD07B98F}
		{C2A2E14A-BDDF-4E40-8E4F-78C1BC4AE60D} = {852011A5-C8CD-40B6-8895-E654C074D5B6}
		{82062B65-725C-49F9-A5E7-C77844824232} = {852011A5-C8CD-40B6-8895-E654C074D5B6}
		{F65346A6-3D16-41FE-9DF2-6D37E3414DB6} = {852011A5-C8CD-40B6-8895-E654C074D5B6}
		{E3BE4B2D-CE1D-410C-B6A3-EBBEF52AEA4A} = {852011A5-C8CD-40B6-8895-E654C074D5B6}
		{9678BB63-30FD-4750-8FD3-86143E3ECE8D} = {182B116B-AD36-4602-B0CB-CEC149E79581}
	EndGlobalSection
	GlobalSection(ExtensibilityGlobals) = postSolution
		SolutionGuid = {0C598648-1B19-4936-96C0-EF9D0002968C}
	EndGlobalSection
EndGlobal
